
Microsoft Visual Studio Solution File, Format Version 12.00
# Visual Studio Version 17
VisualStudioVersion = 17.0.31903.59
MinimumVisualStudioVersion = 10.0.40219.1
Project("{FAE04EC0-301F-11D3-BF4B-00C04F79EFBC}") = "AT.Common.SampleExtension.Test", "AT.Common.SampleExtension.Test\AT.Common.SampleExtension.Test.csproj", "{666FC51B-55A8-4F6E-84ED-84EA44D86B69}"
EndProject
Project("{FAE04EC0-301F-11D3-BF4B-00C04F79EFBC}") = "AT.Common.SampleExtension.Extensions", "AT.Common.SampleExtension.Extensions\AT.Common.SampleExtension.Extensions.csproj", "{F72B4BEF-D49D-425D-BD8A-1E1352DFD890}"
EndProject
Project("{FAE04EC0-301F-11D3-BF4B-00C04F79EFBC}") = "AT.Common.SamplePackage.Test.ArchUnit", "AT.Common.SampleExtension.Test.ArchUnit\AT.Common.SamplePackage.Test.ArchUnit.csproj", "{F02AE585-E1F2-43B8-ABF9-553BB44D7B83}"
EndProject
Global
	GlobalSection(SolutionConfigurationPlatforms) = preSolution
		Debug|Any CPU = Debug|Any CPU
		Release|Any CPU = Release|Any CPU
	EndGlobalSection
	GlobalSection(ProjectConfigurationPlatforms) = postSolution
		{666FC51B-55A8-4F6E-84ED-84EA44D86B69}.Debug|Any CPU.ActiveCfg = Debug|Any CPU
		{666FC51B-55A8-4F6E-84ED-84EA44D86B69}.Debug|Any CPU.Build.0 = Debug|Any CPU
		{666FC51B-55A8-4F6E-84ED-84EA44D86B69}.Release|Any CPU.ActiveCfg = Release|Any CPU
		{666FC51B-55A8-4F6E-84ED-84EA44D86B69}.Release|Any CPU.Build.0 = Release|Any CPU
		{F72B4BEF-D49D-425D-BD8A-1E1352DFD890}.Debug|Any CPU.ActiveCfg = Debug|Any CPU
		{F72B4BEF-D49D-425D-BD8A-1E1352DFD890}.Debug|Any CPU.Build.0 = Debug|Any CPU
		{F72B4BEF-D49D-425D-BD8A-1E1352DFD890}.Release|Any CPU.ActiveCfg = Release|Any CPU
		{F72B4BEF-D49D-425D-BD8A-1E1352DFD890}.Release|Any CPU.Build.0 = Release|Any CPU
		{F02AE585-E1F2-43B8-ABF9-553BB44D7B83}.Debug|Any CPU.ActiveCfg = Debug|Any CPU
		{F02AE585-E1F2-43B8-ABF9-553BB44D7B83}.Debug|Any CPU.Build.0 = Debug|Any CPU
		{F02AE585-E1F2-43B8-ABF9-553BB44D7B83}.Release|Any CPU.ActiveCfg = Release|Any CPU
		{F02AE585-E1F2-43B8-ABF9-553BB44D7B83}.Release|Any CPU.Build.0 = Release|Any CPU
	EndGlobalSection
	GlobalSection(SolutionProperties) = preSolution
		HideSolutionNode = FALSE
	EndGlobalSection
EndGlobal
