
Microsoft Visual Studio Solution File, Format Version 12.00
# Visual Studio Version 17
VisualStudioVersion = 17.0.31903.59
MinimumVisualStudioVersion = 10.0.40219.1
Project("{FAE04EC0-301F-11D3-BF4B-00C04F79EFBC}") = "AT.Common.SamplePackage.Test.ArchUnit", "AT.Common.SamplePackage.Test.ArchUnit\AT.Common.SamplePackage.Test.ArchUnit.csproj", "{88F3DCE2-F110-49C8-85A9-10FD4F7CFF14}"
EndProject
Project("{FAE04EC0-301F-11D3-BF4B-00C04F79EFBC}") = "AT.Common.SamplePackage.Test", "AT.Common.SamplePackage.Test\AT.Common.SamplePackage.Test.csproj", "{666FC51B-55A8-4F6E-84ED-84EA44D86B69}"
EndProject
Project("{FAE04EC0-301F-11D3-BF4B-00C04F79EFBC}") = "AT.Common.SamplePackage", "AT.Common.SamplePackage\AT.Common.SamplePackage.csproj", "{C8175CD1-D3BB-41B1-BB33-D30708FDF91B}"
EndProject
Global
	GlobalSection(SolutionConfigurationPlatforms) = preSolution
		Debug|Any CPU = Debug|Any CPU
		Release|Any CPU = Release|Any CPU
	EndGlobalSection
	GlobalSection(ProjectConfigurationPlatforms) = postSolution
		{88F3DCE2-F110-49C8-85A9-10FD4F7CFF14}.Debug|Any CPU.ActiveCfg = Debug|Any CPU
		{88F3DCE2-F110-49C8-85A9-10FD4F7CFF14}.Debug|Any CPU.Build.0 = Debug|Any CPU
		{88F3DCE2-F110-49C8-85A9-10FD4F7CFF14}.Release|Any CPU.ActiveCfg = Release|Any CPU
		{88F3DCE2-F110-49C8-85A9-10FD4F7CFF14}.Release|Any CPU.Build.0 = Release|Any CPU
		{666FC51B-55A8-4F6E-84ED-84EA44D86B69}.Debug|Any CPU.ActiveCfg = Debug|Any CPU
		{666FC51B-55A8-4F6E-84ED-84EA44D86B69}.Debug|Any CPU.Build.0 = Debug|Any CPU
		{666FC51B-55A8-4F6E-84ED-84EA44D86B69}.Release|Any CPU.ActiveCfg = Release|Any CPU
		{666FC51B-55A8-4F6E-84ED-84EA44D86B69}.Release|Any CPU.Build.0 = Release|Any CPU
		{C8175CD1-D3BB-41B1-BB33-D30708FDF91B}.Debug|Any CPU.ActiveCfg = Debug|Any CPU
		{C8175CD1-D3BB-41B1-BB33-D30708FDF91B}.Debug|Any CPU.Build.0 = Debug|Any CPU
		{C8175CD1-D3BB-41B1-BB33-D30708FDF91B}.Release|Any CPU.ActiveCfg = Release|Any CPU
		{C8175CD1-D3BB-41B1-BB33-D30708FDF91B}.Release|Any CPU.Build.0 = Release|Any CPU
	EndGlobalSection
	GlobalSection(SolutionProperties) = preSolution
		HideSolutionNode = FALSE
	EndGlobalSection
EndGlobal
